
Microsoft Visual Studio Solution File, Format Version 12.00
# Visual Studio Version 16
VisualStudioVersion = 16.0.31424.327
MinimumVisualStudioVersion = 10.0.40219.1
Project("{FAE04EC0-301F-11D3-BF4B-00C04F79EFBC}") = "LinenAndBirdV4", "LinenAndBirdV4\LinenAndBirdV4.csproj", "{5F724C4C-E9AA-4ABC-BDF8-8D06406362EA}"
EndProject
Global
	GlobalSection(SolutionConfigurationPlatforms) = preSolution
		Debug|Any CPU = Debug|Any CPU
		Release|Any CPU = Release|Any CPU
	EndGlobalSection
	GlobalSection(ProjectConfigurationPlatforms) = postSolution
		{5F724C4C-E9AA-4ABC-BDF8-8D06406362EA}.Debug|Any CPU.ActiveCfg = Debug|Any CPU
		{5F724C4C-E9AA-4ABC-BDF8-8D06406362EA}.Debug|Any CPU.Build.0 = Debug|Any CPU
		{5F724C4C-E9AA-4ABC-BDF8-8D06406362EA}.Release|Any CPU.ActiveCfg = Release|Any CPU
		{5F724C4C-E9AA-4ABC-BDF8-8D06406362EA}.Release|Any CPU.Build.0 = Release|Any CPU
	EndGlobalSection
	GlobalSection(SolutionProperties) = preSolution
		HideSolutionNode = FALSE
	EndGlobalSection
	GlobalSection(ExtensibilityGlobals) = postSolution
		SolutionGuid = {3D8D3CF6-CBC6-4D39-8D5A-29AD2C31DEB4}
	EndGlobalSection
EndGlobal
